
Microsoft Visual Studio Solution File, Format Version 12.00
# Visual Studio 2013
Project("{FAE04EC0-301F-11D3-BF4B-00C04F79EFBC}") = "UnityVS.CircuitRacerBegin.CSharp", "UnityVS.CircuitRacerBegin.CSharp.csproj", "{A52A39C8-4B73-8723-14C9-B9B37CB01F76}"
EndProject
Project("{FAE04EC0-301F-11D3-BF4B-00C04F79EFBC}") = "UnityVS.CircuitRacerBegin.CSharp.Editor", "UnityVS.CircuitRacerBegin.CSharp.Editor.csproj", "{75ED156B-65C7-E49A-C3A1-751D2124E090}"
EndProject
Project("{FAE04EC0-301F-11D3-BF4B-00C04F79EFBC}") = "CircuitRacerTests", "CircuitRacerTests\CircuitRacerTests.csproj", "{F7C2A89C-2E51-4C9E-899A-1A3C3CBBE899}"
EndProject
Global
	GlobalSection(SolutionConfigurationPlatforms) = preSolution
		Debug|Any CPU = Debug|Any CPU
		Release|Any CPU = Release|Any CPU
	EndGlobalSection
	GlobalSection(ProjectConfigurationPlatforms) = postSolution
		{A52A39C8-4B73-8723-14C9-B9B37CB01F76}.Debug|Any CPU.ActiveCfg = Debug|Any CPU
		{A52A39C8-4B73-8723-14C9-B9B37CB01F76}.Debug|Any CPU.Build.0 = Debug|Any CPU
		{A52A39C8-4B73-8723-14C9-B9B37CB01F76}.Release|Any CPU.ActiveCfg = Release|Any CPU
		{A52A39C8-4B73-8723-14C9-B9B37CB01F76}.Release|Any CPU.Build.0 = Release|Any CPU
		{75ED156B-65C7-E49A-C3A1-751D2124E090}.Debug|Any CPU.ActiveCfg = Debug|Any CPU
		{75ED156B-65C7-E49A-C3A1-751D2124E090}.Debug|Any CPU.Build.0 = Debug|Any CPU
		{75ED156B-65C7-E49A-C3A1-751D2124E090}.Release|Any CPU.ActiveCfg = Release|Any CPU
		{75ED156B-65C7-E49A-C3A1-751D2124E090}.Release|Any CPU.Build.0 = Release|Any CPU
		{F7C2A89C-2E51-4C9E-899A-1A3C3CBBE899}.Debug|Any CPU.ActiveCfg = Debug|Any CPU
		{F7C2A89C-2E51-4C9E-899A-1A3C3CBBE899}.Debug|Any CPU.Build.0 = Debug|Any CPU
		{F7C2A89C-2E51-4C9E-899A-1A3C3CBBE899}.Release|Any CPU.ActiveCfg = Release|Any CPU
		{F7C2A89C-2E51-4C9E-899A-1A3C3CBBE899}.Release|Any CPU.Build.0 = Release|Any CPU
	EndGlobalSection
	GlobalSection(SolutionProperties) = preSolution
		HideSolutionNode = FALSE
	EndGlobalSection
EndGlobal
